
Microsoft Visual Studio Solution File, Format Version 12.00
# Visual Studio Version 17
VisualStudioVersion = 17.14.36310.24 d17.14
MinimumVisualStudioVersion = 10.0.40219.1
Project("{FAE04EC0-301F-11D3-BF4B-00C04F79EFBC}") = "InterviewApp", "InterviewApp\InterviewApp.csproj", "{AA8CCC16-A151-4833-88F0-2D1BD6149EFB}"
EndProject
Project("{FAE04EC0-301F-11D3-BF4B-00C04F79EFBC}") = "InterviewUnitTest", "InterviewUnitTest\InterviewUnitTest.csproj", "{516019BB-B1F9-4C7F-AF5C-FBF5A7AFDC8F}"
EndProject
Global
	GlobalSection(SolutionConfigurationPlatforms) = preSolution
		Debug|Any CPU = Debug|Any CPU
		Release|Any CPU = Release|Any CPU
	EndGlobalSection
	GlobalSection(ProjectConfigurationPlatforms) = postSolution
		{AA8CCC16-A151-4833-88F0-2D1BD6149EFB}.Debug|Any CPU.ActiveCfg = Debug|Any CPU
		{AA8CCC16-A151-4833-88F0-2D1BD6149EFB}.Debug|Any CPU.Build.0 = Debug|Any CPU
		{AA8CCC16-A151-4833-88F0-2D1BD6149EFB}.Release|Any CPU.ActiveCfg = Release|Any CPU
		{AA8CCC16-A151-4833-88F0-2D1BD6149EFB}.Release|Any CPU.Build.0 = Release|Any CPU
		{516019BB-B1F9-4C7F-AF5C-FBF5A7AFDC8F}.Debug|Any CPU.ActiveCfg = Debug|Any CPU
		{516019BB-B1F9-4C7F-AF5C-FBF5A7AFDC8F}.Debug|Any CPU.Build.0 = Debug|Any CPU
		{516019BB-B1F9-4C7F-AF5C-FBF5A7AFDC8F}.Release|Any CPU.ActiveCfg = Release|Any CPU
		{516019BB-B1F9-4C7F-AF5C-FBF5A7AFDC8F}.Release|Any CPU.Build.0 = Release|Any CPU
	EndGlobalSection
	GlobalSection(SolutionProperties) = preSolution
		HideSolutionNode = FALSE
	EndGlobalSection
	GlobalSection(ExtensibilityGlobals) = postSolution
		SolutionGuid = {BDDA9EAA-3C3F-4111-ACA8-8B9AC7B77478}
	EndGlobalSection
EndGlobal
